lockfileVersion: 5.3

specifiers:
  '@gluons/prettier-config': ^2.0.0
  '@types/node': ^8.3
  '@types/webpack': ^5.0.0
  prettier: ^2.0.0
  rimraf: ^3.0.0
  ts-loader: ^8.0.0
  tsconfig-gluons: ^1.0.1
  tslint: ^5.14.0
  tslint-config-gluons: ^2.1.0
  typescript: ^3.3.3333
  webpack-chain: ^6.0.0

dependencies:
  ts-loader: 8.0.0_typescript@3.6.2

devDependencies:
  '@gluons/prettier-config': 2.0.0_prettier@2.0.5
  '@types/node': 8.10.53
  '@types/webpack': 5.28.0
  prettier: 2.0.5
  rimraf: 3.0.0
  tsconfig-gluons: 1.0.1_typescript@3.6.2
  tslint: 5.19.0_typescript@3.6.2
  tslint-config-gluons: 2.1.0_tslint@5.19.0
  typescript: 3.6.2
  webpack-chain: 6.0.0

packages:

  /@babel/code-frame/7.5.5:
    resolution: {integrity: sha512-27d4lZoomVyo51VegxI20xZPuSHusqbQag/ztrBC7wegWoQ1nLREPVSKSW8byhTlzTKyNE4ifaTA6lCp7JjpFw==}
    dependencies:
      '@babel/highlight': 7.5.0
    dev: true

  /@babel/highlight/7.5.0:
    resolution: {integrity: sha512-7dV4eu9gBxoM0dAnj/BCFDW9LFU0zvTrkq0ugM7pnHEgguOEeOz1so2ZghEdzviYzQEED0r4EAgpsBChKy1TRQ==}
    dependencies:
      chalk: 2.4.2
      esutils: 2.0.3
      js-tokens: 4.0.0
    dev: true

  /@gluons/prettier-config/2.0.0_prettier@2.0.5:
    resolution: {integrity: sha512-JFcGcVxJZsRENdmRXzthYSq0lFaWitQ150K3BW0nD7ye5n3hRNmS0tHaO/Sw+lxZTf3YL0i1CNbjI0Gf0Zl0UQ==}
    peerDependencies:
      prettier: '1'
    dependencies:
      prettier: 2.0.5
    dev: true

  /@jridgewell/gen-mapping/0.3.2:
    resolution: {integrity: sha512-mh65xKQAzI6iBcFzwv28KVWSmCkdRBWoOh+bYQGW3+6OZvbbN3TqMGo5hqYxQniRcH9F2VZIoJCm4pa3BPDK/A==}
    engines: {node: '>=6.0.0'}
    dependencies:
      '@jridgewell/set-array': 1.1.2
      '@jridgewell/sourcemap-codec': 1.4.14
      '@jridgewell/trace-mapping': 0.3.17
    dev: true

  /@jridgewell/resolve-uri/3.1.0:
    resolution: {integrity: sha512-F2msla3tad+Mfht5cJq7LSXcdudKTWCVYUgw6pLFOOHSTtZlj6SWNYAp+AhuqLmWdBO2X5hPrLcu8cVP8fy28w==}
    engines: {node: '>=6.0.0'}
    dev: true

  /@jridgewell/set-array/1.1.2:
    resolution: {integrity: sha512-xnkseuNADM0gt2bs+BvhO0p78Mk762YnZdsuzFV018NoG1Sj1SCQvpSqa7XUaTam5vAGasABV9qXASMKnFMwMw==}
    engines: {node: '>=6.0.0'}
    dev: true

  /@jridgewell/source-map/0.3.2:
    resolution: {integrity: sha512-m7O9o2uR8k2ObDysZYzdfhb08VuEml5oWGiosa1VdaPZ/A6QyPkAJuwN0Q1lhULOf6B7MtQmHENS743hWtCrgw==}
    dependencies:
      '@jridgewell/gen-mapping': 0.3.2
      '@jridgewell/trace-mapping': 0.3.17
    dev: true

  /@jridgewell/sourcemap-codec/1.4.14:
    resolution: {integrity: sha512-XPSJHWmi394fuUuzDnGz1wiKqWfo1yXecHQMRf2l6hztTO+nPru658AyDngaBe7isIxEkRsPR3FZh+s7iVa4Uw==}
    dev: true

  /@jridgewell/trace-mapping/0.3.17:
    resolution: {integrity: sha512-MCNzAp77qzKca9+W/+I0+sEpaUnZoeasnghNeVc41VZCEKaCH73Vq3BZZ/SzWIgrqE4H4ceI+p+b6C0mHf9T4g==}
    dependencies:
      '@jridgewell/resolve-uri': 3.1.0
      '@jridgewell/sourcemap-codec': 1.4.14
    dev: true

  /@types/eslint-scope/3.7.4:
    resolution: {integrity: sha512-9K4zoImiZc3HlIp6AVUDE4CWYx22a+lhSZMYNpbjW04+YF0KWj4pJXnEMjdnFTiQibFFmElcsasJXDbdI/EPhA==}
    dependencies:
      '@types/eslint': 8.4.10
      '@types/estree': 0.0.51
    dev: true

  /@types/eslint/8.4.10:
    resolution: {integrity: sha512-Sl/HOqN8NKPmhWo2VBEPm0nvHnu2LL3v9vKo8MEq0EtbJ4eVzGPl41VNPvn5E1i5poMk4/XD8UriLHpJvEP/Nw==}
    dependencies:
      '@types/estree': 0.0.51
      '@types/json-schema': 7.0.11
    dev: true

  /@types/estree/0.0.51:
    resolution: {integrity: sha512-CuPgU6f3eT/XgKKPqKd/gLZV1Xmvf1a2R5POBOGQa6uv82xpls89HU5zKeVoyR8XzHd1RGNOlQlvUe3CFkjWNQ==}
    dev: true

  /@types/json-schema/7.0.11:
    resolution: {integrity: sha512-wOuvG1SN4Us4rez+tylwwwCV1psiNVOkJeM3AUWUNWg/jDQY2+HE/444y5gc+jBmRqASOm2Oeh5c1axHobwRKQ==}
    dev: true

  /@types/node/8.10.53:
    resolution: {integrity: sha512-aOmXdv1a1/vYUn1OT1CED8ftbkmmYbKhKGSyMDeJiidLvKRKvZUQOdXwG/wcNY7T1Qb0XTlVdiYjIq00U7pLrQ==}
    dev: true

  /@types/webpack/5.28.0:
    resolution: {integrity: sha512-8cP0CzcxUiFuA9xGJkfeVpqmWTk9nx6CWwamRGCj95ph1SmlRRk9KlCZ6avhCbZd4L68LvYT6l1kpdEnQXrF8w==}
    dependencies:
      '@types/node': 8.10.53
      tapable: 2.2.1
      webpack: 5.75.0
    transitivePeerDependencies:
      - '@swc/core'
      - esbuild
      - uglify-js
      - webpack-cli
    dev: true

  /@webassemblyjs/ast/1.11.1:
    resolution: {integrity: sha512-ukBh14qFLjxTQNTXocdyksN5QdM28S1CxHt2rdskFyL+xFV7VremuBLVbmCePj+URalXBENx/9Lm7lnhihtCSw==}
    dependencies:
      '@webassemblyjs/helper-numbers': 1.11.1
      '@webassemblyjs/helper-wasm-bytecode': 1.11.1
    dev: true

  /@webassemblyjs/floating-point-hex-parser/1.11.1:
    resolution: {integrity: sha512-iGRfyc5Bq+NnNuX8b5hwBrRjzf0ocrJPI6GWFodBFzmFnyvrQ83SHKhmilCU/8Jv67i4GJZBMhEzltxzcNagtQ==}
    dev: true

  /@webassemblyjs/helper-api-error/1.11.1:
    resolution: {integrity: sha512-RlhS8CBCXfRUR/cwo2ho9bkheSXG0+NwooXcc3PAILALf2QLdFyj7KGsKRbVc95hZnhnERon4kW/D3SZpp6Tcg==}
    dev: true

  /@webassemblyjs/helper-buffer/1.11.1:
    resolution: {integrity: sha512-gwikF65aDNeeXa8JxXa2BAk+REjSyhrNC9ZwdT0f8jc4dQQeDQ7G4m0f2QCLPJiMTTO6wfDmRmj/pW0PsUvIcA==}
    dev: true

  /@webassemblyjs/helper-numbers/1.11.1:
    resolution: {integrity: sha512-vDkbxiB8zfnPdNK9Rajcey5C0w+QJugEglN0of+kmO8l7lDb77AnlKYQF7aarZuCrv+l0UvqL+68gSDr3k9LPQ==}
    dependencies:
      '@webassemblyjs/floating-point-hex-parser': 1.11.1
      '@webassemblyjs/helper-api-error': 1.11.1
      '@xtuc/long': 4.2.2
    dev: true

  /@webassemblyjs/helper-wasm-bytecode/1.11.1:
    resolution: {integrity: sha512-PvpoOGiJwXeTrSf/qfudJhwlvDQxFgelbMqtq52WWiXC6Xgg1IREdngmPN3bs4RoO83PnL/nFrxucXj1+BX62Q==}
    dev: true

  /@webassemblyjs/helper-wasm-section/1.11.1:
    resolution: {integrity: sha512-10P9No29rYX1j7F3EVPX3JvGPQPae+AomuSTPiF9eBQeChHI6iqjMIwR9JmOJXwpnn/oVGDk7I5IlskuMwU/pg==}
    dependencies:
      '@webassemblyjs/ast': 1.11.1
      '@webassemblyjs/helper-buffer': 1.11.1
      '@webassemblyjs/helper-wasm-bytecode': 1.11.1
      '@webassemblyjs/wasm-gen': 1.11.1
    dev: true

  /@webassemblyjs/ieee754/1.11.1:
    resolution: {integrity: sha512-hJ87QIPtAMKbFq6CGTkZYJivEwZDbQUgYd3qKSadTNOhVY7p+gfP6Sr0lLRVTaG1JjFj+r3YchoqRYxNH3M0GQ==}
    dependencies:
      '@xtuc/ieee754': 1.2.0
    dev: true

  /@webassemblyjs/leb128/1.11.1:
    resolution: {integrity: sha512-BJ2P0hNZ0u+Th1YZXJpzW6miwqQUGcIHT1G/sf72gLVD9DZ5AdYTqPNbHZh6K1M5VmKvFXwGSWZADz+qBWxeRw==}
    dependencies:
      '@xtuc/long': 4.2.2
    dev: true

  /@webassemblyjs/utf8/1.11.1:
    resolution: {integrity: sha512-9kqcxAEdMhiwQkHpkNiorZzqpGrodQQ2IGrHHxCy+Ozng0ofyMA0lTqiLkVs1uzTRejX+/O0EOT7KxqVPuXosQ==}
    dev: true

  /@webassemblyjs/wasm-edit/1.11.1:
    resolution: {integrity: sha512-g+RsupUC1aTHfR8CDgnsVRVZFJqdkFHpsHMfJuWQzWU3tvnLC07UqHICfP+4XyL2tnr1amvl1Sdp06TnYCmVkA==}
    dependencies:
      '@webassemblyjs/ast': 1.11.1
      '@webassemblyjs/helper-buffer': 1.11.1
      '@webassemblyjs/helper-wasm-bytecode': 1.11.1
      '@webassemblyjs/helper-wasm-section': 1.11.1
      '@webassemblyjs/wasm-gen': 1.11.1
      '@webassemblyjs/wasm-opt': 1.11.1
      '@webassemblyjs/wasm-parser': 1.11.1
      '@webassemblyjs/wast-printer': 1.11.1
    dev: true

  /@webassemblyjs/wasm-gen/1.11.1:
    resolution: {integrity: sha512-F7QqKXwwNlMmsulj6+O7r4mmtAlCWfO/0HdgOxSklZfQcDu0TpLiD1mRt/zF25Bk59FIjEuGAIyn5ei4yMfLhA==}
    dependencies:
      '@webassemblyjs/ast': 1.11.1
      '@webassemblyjs/helper-wasm-bytecode': 1.11.1
      '@webassemblyjs/ieee754': 1.11.1
      '@webassemblyjs/leb128': 1.11.1
      '@webassemblyjs/utf8': 1.11.1
    dev: true

  /@webassemblyjs/wasm-opt/1.11.1:
    resolution: {integrity: sha512-VqnkNqnZlU5EB64pp1l7hdm3hmQw7Vgqa0KF/KCNO9sIpI6Fk6brDEiX+iCOYrvMuBWDws0NkTOxYEb85XQHHw==}
    dependencies:
      '@webassemblyjs/ast': 1.11.1
      '@webassemblyjs/helper-buffer': 1.11.1
      '@webassemblyjs/wasm-gen': 1.11.1
      '@webassemblyjs/wasm-parser': 1.11.1
    dev: true

  /@webassemblyjs/wasm-parser/1.11.1:
    resolution: {integrity: sha512-rrBujw+dJu32gYB7/Lup6UhdkPx9S9SnobZzRVL7VcBH9Bt9bCBLEuX/YXOOtBsOZ4NQrRykKhffRWHvigQvOA==}
    dependencies:
      '@webassemblyjs/ast': 1.11.1
      '@webassemblyjs/helper-api-error': 1.11.1
      '@webassemblyjs/helper-wasm-bytecode': 1.11.1
      '@webassemblyjs/ieee754': 1.11.1
      '@webassemblyjs/leb128': 1.11.1
      '@webassemblyjs/utf8': 1.11.1
    dev: true

  /@webassemblyjs/wast-printer/1.11.1:
    resolution: {integrity: sha512-IQboUWM4eKzWW+N/jij2sRatKMh99QEelo3Eb2q0qXkvPRISAj8Qxtmw5itwqK+TTkBuUIE45AxYPToqPtL5gg==}
    dependencies:
      '@webassemblyjs/ast': 1.11.1
      '@xtuc/long': 4.2.2
    dev: true

  /@xtuc/ieee754/1.2.0:
    resolution: {integrity: sha512-DX8nKgqcGwsc0eJSqYt5lwP4DH5FlHnmuWWBRy7X0NcaGR0ZtuyeESgMwTYVEtxmsNGY+qit4QYT/MIYTOTPeA==}
    dev: true

  /@xtuc/long/4.2.2:
    resolution: {integrity: sha512-NuHqBY1PB/D8xU6s/thBgOAiAP7HOYDQ32+BFZILJ8ivkUkAHQnWfn6WhL79Owj1qmUnoN/YPhktdIoucipkAQ==}
    dev: true

  /acorn-import-assertions/1.8.0_acorn@8.8.1:
    resolution: {integrity: sha512-m7VZ3jwz4eK6A4Vtt8Ew1/mNbP24u0FhdyfA7fSvnJR6LMdfOYnmuIrrJAgrYfYJ10F/otaHTtrtrtmHdMNzEw==}
    peerDependencies:
      acorn: ^8
    dependencies:
      acorn: 8.8.1
    dev: true

  /acorn/8.8.1:
    resolution: {integrity: sha512-7zFpHzhnqYKrkYdUjF1HI1bzd0VygEGX8lFk4k5zVMqHEoES+P+7TKI+EvLO9WVMJ8eekdO0aDEK044xTXwPPA==}
    engines: {node: '>=0.4.0'}
    hasBin: true
    dev: true

  /ajv-keywords/3.5.2_ajv@6.12.6:
    resolution: {integrity: sha512-5p6WTN0DdTGVQk6VjcEju19IgaHudalcfabD7yhDGeA6bcQnmL+CpveLJq/3hvfwd1aof6L386Ougkx6RfyMIQ==}
    peerDependencies:
      ajv: ^6.9.1
    dependencies:
      ajv: 6.12.6
    dev: true

  /ajv/6.12.6:
    resolution: {integrity: sha512-j3fVLgvTo527anyYyJOGTYJbG+vnnQYvE0m5mmkc1TK+nxAppkCLMIL0aZ4dblVCNoGShhm+kzE4ZUykBoMg4g==}
    dependencies:
      fast-deep-equal: 3.1.3
      fast-json-stable-stringify: 2.1.0
      json-schema-traverse: 0.4.1
      uri-js: 4.4.1
    dev: true

  /ansi-styles/3.2.1:
    resolution: {integrity: sha512-VT0ZI6kZRdTh8YyJw3SMbYm/u+NqfsAxEpWO0Pf9sq8/e94WxxOpPKx9FR1FlyCtOVDNOQ+8ntlqFxiRc+r5qA==}
    engines: {node: '>=4'}
    dependencies:
      color-convert: 1.9.3

  /argparse/1.0.10:
    resolution: {integrity: sha512-o5Roy6tNG4SL/FOkCAN6RzjiakZS25RLYFrcMttJqbdd8BWrnA+fGz57iN5Pb06pvBGvl5gQ0B48dJlslXvoTg==}
    dependencies:
      sprintf-js: 1.0.3
    dev: true

  /balanced-match/1.0.0:
    resolution: {integrity: sha1-ibTRmasr7kneFk6gK4nORi1xt2c=}
    dev: true

  /big.js/5.2.2:
    resolution: {integrity: sha512-vyL2OymJxmarO8gxMr0mhChsO9QGwhynfuu4+MHTAW6czfq9humCB7rKpUjDd9YUiDPU4mzpyupFSvOClAwbmQ==}
    dev: false

  /brace-expansion/1.1.11:
    resolution: {integrity: sha512-iCuPHDFgrHX7H2vEI/5xpz07zSHB00TpugqhmYtVmMO6518mCuRMoOYFldEBl0g187ufozdaHgWKcYFb61qGiA==}
    dependencies:
      balanced-match: 1.0.0
      concat-map: 0.0.1
    dev: true

  /braces/3.0.2:
    resolution: {integrity: sha512-b8um+L1RzM3WDSzvhm6gIz1yfTbBt6YTlcEKAvsmqCZZFw46z626lVj9j1yEPW33H5H+lBQpZMP1k8l+78Ha0A==}
    engines: {node: '>=8'}
    dependencies:
      fill-range: 7.0.1
    dev: false

  /browserslist/4.21.4:
    resolution: {integrity: sha512-CBHJJdDmgjl3daYjN5Cp5kbTf1mUhZoS+beLklHIvkOWscs83YAhLlF3Wsh/lciQYAcbBJgTOD44VtG31ZM4Hw==}
    engines: {node: ^6 || ^7 || ^8 || ^9 || ^10 || ^11 || ^12 || >=13.7}
    hasBin: true
    dependencies:
      caniuse-lite: 1.0.30001431
      electron-to-chromium: 1.4.284
      node-releases: 2.0.6
      update-browserslist-db: 1.0.10_browserslist@4.21.4
    dev: true

  /buffer-from/1.1.2:
    resolution: {integrity: sha512-E+XQCRwSbaaiChtv6k6Dwgc+bx+Bs6vuKJHHl5kox/BaKbhiXzqQOwK4cO22yElGp2OCmjwVhT3HmxgyPGnJfQ==}
    dev: true

  /builtin-modules/1.1.1:
    resolution: {integrity: sha1-Jw8HbFpywC9bZaR9+Uxf46J4iS8=}
    engines: {node: '>=0.10.0'}
    dev: true

  /caniuse-lite/1.0.30001431:
    resolution: {integrity: sha512-zBUoFU0ZcxpvSt9IU66dXVT/3ctO1cy4y9cscs1szkPlcWb6pasYM144GqrUygUbT+k7cmUCW61cvskjcv0enQ==}
    dev: true

  /chalk/2.4.2:
    resolution: {integrity: sha512-Mti+f9lpJNcwF4tWV8/OrTTtF1gZi+f8FqlyAdouralcFWFQWF2+NgCHShjkCb+IFBLq9buZwE1xckQU4peSuQ==}
    engines: {node: '>=4'}
    dependencies:
      ansi-styles: 3.2.1
      escape-string-regexp: 1.0.5
      supports-color: 5.5.0

  /chrome-trace-event/1.0.3:
    resolution: {integrity: sha512-p3KULyQg4S7NIHixdwbGX+nFHkoBiA4YQmyWtjb8XngSKV124nJmRysgAeujbUVb15vh+RvFUfCPqU7rXk+hZg==}
    engines: {node: '>=6.0'}
    dev: true

  /color-convert/1.9.3:
    resolution: {integrity: sha512-QfAUtd+vFdAtFQcC8CCyYt1fYWxSqAiK2cSD6zDB8N3cpsEBAvRxp9zOGg6G/SHHJYAT88/az/IuDGALsNVbGg==}
    dependencies:
      color-name: 1.1.3

  /color-name/1.1.3:
    resolution: {integrity: sha1-p9BVi9icQveV3UIyj3QIMcpTvCU=}

  /commander/2.20.0:
    resolution: {integrity: sha512-7j2y+40w61zy6YC2iRNpUe/NwhNyoXrYpHMrSunaMG64nRnaf96zO/KMQR4OyN/UnE5KLyEBnKHd4aG3rskjpQ==}
    dev: true

  /concat-map/0.0.1:
    resolution: {integrity: sha1-2Klr13/Wjfd5OnMDajug1UBdR3s=}
    dev: true

  /core-util-is/1.0.2:
    resolution: {integrity: sha1-tf1UIgqivFq1eqtxQMlAdUUDwac=}
    dev: false

  /deepmerge/1.5.2:
    resolution: {integrity: sha512-95k0GDqvBjZavkuvzx/YqVLv/6YYa17fz6ILMSf7neqQITCPbnfEnQvEgMPNjH4kgobe7+WIL0yJEHku+H3qtQ==}
    engines: {node: '>=0.10.0'}
    dev: true

  /diff/3.5.0:
    resolution: {integrity: sha512-A46qtFgd+g7pDZinpnwiRJtxbC1hpgf0uzP3iG89scHk0AUC7A1TGxf5OiiOUv/JMZR8GOt8hL900hV0bOy5xA==}
    engines: {node: '>=0.3.1'}
    dev: true

  /electron-to-chromium/1.4.284:
    resolution: {integrity: sha512-M8WEXFuKXMYMVr45fo8mq0wUrrJHheiKZf6BArTKk9ZBYCKJEOU5H8cdWgDT+qCVZf7Na4lVUaZsA+h6uA9+PA==}
    dev: true

  /emojis-list/3.0.0:
    resolution: {integrity: sha512-/kyM18EfinwXZbno9FyUGeFh87KC8HRQBQGildHZbEuRyWFOmv1U10o9BBp8XVZDVNNuQKyIGIu5ZYAAXJ0V2Q==}
    engines: {node: '>= 4'}
    dev: false

  /enhanced-resolve/4.1.1:
    resolution: {integrity: sha512-98p2zE+rL7/g/DzMHMTF4zZlCgeVdJ7yr6xzEpJRYwFYrGi9ANdn5DnJURg6RpBkyk60XYDnWIv51VfIhfNGuA==}
    engines: {node: '>=6.9.0'}
    dependencies:
      graceful-fs: 4.2.10
      memory-fs: 0.5.0
      tapable: 1.1.3
    dev: false

  /enhanced-resolve/5.10.0:
    resolution: {integrity: sha512-T0yTFjdpldGY8PmuXXR0PyQ1ufZpEGiHVrp7zHKB7jdR4qlmZHhONVM5AQOAWXuF/w3dnHbEQVrNptJgt7F+cQ==}
    engines: {node: '>=10.13.0'}
    dependencies:
      graceful-fs: 4.2.10
      tapable: 2.2.1
    dev: true

  /errno/0.1.7:
    resolution: {integrity: sha512-MfrRBDWzIWifgq6tJj60gkAwtLNb6sQPlcFrSOflcP1aFmmruKQ2wRnze/8V6kgyz7H3FF8Npzv78mZ7XLLflg==}
    hasBin: true
    dependencies:
      prr: 1.0.1
    dev: false

  /es-module-lexer/0.9.3:
    resolution: {integrity: sha512-1HQ2M2sPtxwnvOvT1ZClHyQDiggdNjURWpY2we6aMKCQiUVxTmVs2UYPLIrD84sS+kMdUwfBSylbJPwNnBrnHQ==}
    dev: true

  /escalade/3.1.1:
    resolution: {integrity: sha512-k0er2gUkLf8O0zKJiAhmkTnJlTvINGv7ygDNPbeIsX/TJjGJZHuh9B2UxbsaEkmlEo9MfhrSzmhIlhRlI2GXnw==}
    engines: {node: '>=6'}
    dev: true

  /escape-string-regexp/1.0.5:
    resolution: {integrity: sha1-G2HAViGQqN/2rjuyzwIAyhMLhtQ=}
    engines: {node: '>=0.8.0'}

  /eslint-scope/5.1.1:
    resolution: {integrity: sha512-2NxwbF/hZ0KpepYN0cNbo+FN6XoK7GaHlQhgx/hIZl6Va0bF45RQOOwhLIy8lQDbuCiadSLCBnH2CFYquit5bw==}
    engines: {node: '>=8.0.0'}
    dependencies:
      esrecurse: 4.3.0
      estraverse: 4.3.0
    dev: true

  /esprima/4.0.1:
    resolution: {integrity: sha512-eGuFFw7Upda+g4p+QHvnW0RyTX/SVeJBDM/gCtMARO0cLuT2HcEKnTPvhjV6aGeqrCB/sbNop0Kszm0jsaWU4A==}
    engines: {node: '>=4'}
    hasBin: true
    dev: true

  /esrecurse/4.3.0:
    resolution: {integrity: sha512-KmfKL3b6G+RXvP8N1vr3Tq1kL/oCFgn2NYXEtqP8/L3pKapUA4G8cFVaoF3SU323CD4XypR/ffioHmkti6/Tag==}
    engines: {node: '>=4.0'}
    dependencies:
      estraverse: 5.3.0
    dev: true

  /estraverse/4.3.0:
    resolution: {integrity: sha512-39nnKffWz8xN1BU/2c79n9nB9HDzo0niYUqx6xyqUnyoAnQyyWpOTdZEeiCch8BBu515t4wp9ZmgVfVhn9EBpw==}
    engines: {node: '>=4.0'}
    dev: true

  /estraverse/5.3.0:
    resolution: {integrity: sha512-MMdARuVEQziNTeJD8DgMqmhwR11BRQ/cBP+pLtYdSTnf3MIO8fFeiINEbX36ZdNlfU/7A9f3gUw49B3oQsvwBA==}
    engines: {node: '>=4.0'}
    dev: true

  /esutils/2.0.3:
    resolution: {integrity: sha512-kVscqXk4OCp68SZ0dkgEKVi6/8ij300KBWTJq32P/dYeWTSwK41WyTxalN1eRmA5Z9UU/LX9D7FWSmV9SAYx6g==}
    engines: {node: '>=0.10.0'}
    dev: true

  /events/3.3.0:
    resolution: {integrity: sha512-mQw+2fkQbALzQ7V0MY0IqdnXNOeTtP4r0lN9z7AAawCXgqea7bDii20AYrIBrFd/Hx0M2Ocz6S111CaFkUcb0Q==}
    engines: {node: '>=0.8.x'}
    dev: true

  /fast-deep-equal/3.1.3:
    resolution: {integrity: sha512-f3qQ9oQy9j2AhBe/H9VC91wLmKBCCU/gDOnKNAYG5hswO7BLKj09Hc5HYNz9cGI++xlpDCIgDaitVs03ATR84Q==}
    dev: true

  /fast-json-stable-stringify/2.1.0:
    resolution: {integrity: sha512-lhd/wF+Lk98HZoTCtlVraHtfh5XYijIjalXck7saUtuanSDyLMxnHhSXEDJqHxD7msR8D0uCmqlkwjCV8xvwHw==}
    dev: true

  /fill-range/7.0.1:
    resolution: {integrity: sha512-qOo9F+dMUmC2Lcb4BbVvnKJxTPjCm+RRpe4gDuGrzkL7mEVl/djYSu2OdQ2Pa302N4oqkSg9ir6jaLWJ2USVpQ==}
    engines: {node: '>=8'}
    dependencies:
      to-regex-range: 5.0.1
    dev: false

  /fs.realpath/1.0.0:
    resolution: {integrity: sha1-FQStJSMVjKpA20onh8sBQRmU6k8=}
    dev: true

  /glob-to-regexp/0.4.1:
    resolution: {integrity: sha512-lkX1HJXwyMcprw/5YUZc2s7DrpAiHB21/V+E1rHUrVNokkvB6bqMzT0VfV6/86ZNabt1k14YOIaT7nDvOX3Iiw==}
    dev: true

  /glob/7.1.4:
    resolution: {integrity: sha512-hkLPepehmnKk41pUGm3sYxoFs/umurYfYJCerbXEyFIWcAzvpipAgVkBqqT9RBKMGjnq6kMuyYwha6csxbiM1A==}
    dependencies:
      fs.realpath: 1.0.0
      inflight: 1.0.6
      inherits: 2.0.4
      minimatch: 3.0.4
      once: 1.4.0
      path-is-absolute: 1.0.1
    dev: true

  /graceful-fs/4.2.10:
    resolution: {integrity: sha512-9ByhssR2fPVsNZj478qUUbKfmL0+t5BDVyjShtyZZLiK7ZDAArFFfopyOTj0M05wE2tJPisA4iTnnXl2YoPvOA==}

  /has-flag/3.0.0:
    resolution: {integrity: sha1-tdRU3CGZriJWmfNGfloH87lVuv0=}
    engines: {node: '>=4'}

  /has-flag/4.0.0:
    resolution: {integrity: sha512-EykJT/Q1KjTWctppgIAgfSO0tKVuZUjhgMr17kqTumMl6Afv3EISleU7qZUzoXDFTAHTDC4NOoG/ZxU3EvlMPQ==}
    engines: {node: '>=8'}
    dev: true

  /inflight/1.0.6:
    resolution: {integrity: sha1-Sb1jMdfQLQwJvJEKEHW6gWW1bfk=}
    dependencies:
      once: 1.4.0
      wrappy: 1.0.2
    dev: true

  /inherits/2.0.4:
    resolution: {integrity: sha512-k/vGaX4/Yla3WzyMCvTQOXYeIHvqOKtnqBduzTHpzpQZzAskKMhZ2K+EnBiSM9zGSoIFeMpXKxa4dYeZIQqewQ==}

  /is-number/7.0.0:
    resolution: {integrity: sha512-41Cifkg6e8TylSpdtTpeLVMqvSBEVzTttHvERD741+pnZ8ANv0004MRL43QKPDlK9cGvNp6NZWZUBlbGXYxxng==}
    engines: {node: '>=0.12.0'}
    dev: false

  /isarray/1.0.0:
    resolution: {integrity: sha1-u5NdSFgsuhaMBoNJV6VKPgcSTxE=}
    dev: false

  /javascript-stringify/2.0.0:
    resolution: {integrity: sha512-zzK8+ByrzvOL6N92hRewwUKL0wN0TOaIuUjX0Jj8lraxWvr5wHYs2YTjaj2lstF+8qMv5cmPPef47va8NT8lDw==}
    dev: true

  /jest-worker/27.5.1:
    resolution: {integrity: sha512-7vuh85V5cdDofPyxn58nrPjBktZo0u9x1g8WtjQol+jZDaE+fhN+cIvTj11GndBnMnyfrUOG1sZQxCdjKh+DKg==}
    engines: {node: '>= 10.13.0'}
    dependencies:
      '@types/node': 8.10.53
      merge-stream: 2.0.0
      supports-color: 8.1.1
    dev: true

  /js-tokens/4.0.0:
    resolution: {integrity: sha512-RdJUflcE3cUzKiMqQgsCu06FPu9UdIJO0beYbPhHN4k6apgJtifcoCtT9bcxOpYBtpD2kCM6Sbzg4CausW/PKQ==}
    dev: true

  /js-yaml/3.13.1:
    resolution: {integrity: sha512-YfbcO7jXDdyj0DGxYVSlSeQNHbD7XPWvrVWeVUujrQEoZzWJIRrCPoyk6kL6IAjAG2IolMK4T0hNUe0HOUs5Jw==}
    hasBin: true
    dependencies:
      argparse: 1.0.10
      esprima: 4.0.1
    dev: true

  /json-parse-even-better-errors/2.3.1:
    resolution: {integrity: sha512-xyFwyhro/JEof6Ghe2iz2NcXoj2sloNsWr/XsERDK/oiPCfaNhl5ONfp+jQdAZRQQ0IJWNzH9zIZF7li91kh2w==}
    dev: true

  /json-schema-traverse/0.4.1:
    resolution: {integrity: sha512-xbbCH5dCYU5T8LcEhhuh7HJ88HXuW3qsI3Y0zOZFKfZEHcpWiHU/Jxzk629Brsab/mMiHQti9wMP+845RPe3Vg==}
    dev: true

  /json5/1.0.1:
    resolution: {integrity: sha512-aKS4WQjPenRxiQsC93MNfjx+nbF4PAdYzmd/1JIj8HYzqfbu86beTuNgXDzPknWk0n0uARlyewZo4s++ES36Ow==}
    hasBin: true
    dependencies:
      minimist: 1.2.5
    dev: false

  /loader-runner/4.3.0:
    resolution: {integrity: sha512-3R/1M+yS3j5ou80Me59j7F9IMs4PXs3VqRrm0TU3AbKPxlmpoY1TNscJV/oGJXo8qCatFGTfDbY6W6ipGOYXfg==}
    engines: {node: '>=6.11.5'}
    dev: true

  /loader-utils/1.4.0:
    resolution: {integrity: sha512-qH0WSMBtn/oHuwjy/NucEgbx5dbxxnxup9s4PVXJUDHZBQY+s0NWA9rJf53RBnQZxfch7euUui7hpoAPvALZdA==}
    engines: {node: '>=4.0.0'}
    dependencies:
      big.js: 5.2.2
      emojis-list: 3.0.0
      json5: 1.0.1
    dev: false

  /memory-fs/0.5.0:
    resolution: {integrity: sha512-jA0rdU5KoQMC0e6ppoNRtpp6vjFq6+NY7r8hywnC7V+1Xj/MtHwGIbB1QaK/dunyjWteJzmkpd7ooeWg10T7GA==}
    engines: {node: '>=4.3.0 <5.0.0 || >=5.10'}
    dependencies:
      errno: 0.1.7
      readable-stream: 2.3.7
    dev: false

  /merge-stream/2.0.0:
    resolution: {integrity: sha512-abv/qOcuPfk3URPfDzmZU1LKmuw8kT+0nIHvKrKgFrwifol/doWcdA4ZqsWQ8ENrFKkd67Mfpo/LovbIUsbt3w==}
    dev: true

  /micromatch/4.0.2:
    resolution: {integrity: sha512-y7FpHSbMUMoyPbYUSzO6PaZ6FyRnQOpHuKwbo1G+Knck95XVU4QAiKdGEnj5wwoS7PlOgthX/09u5iFJ+aYf5Q==}
    engines: {node: '>=8'}
    dependencies:
      braces: 3.0.2
      picomatch: 2.2.2
    dev: false

  /mime-db/1.52.0:
    resolution: {integrity: sha512-sPU4uV7dYlvtWJxwwxHD0PuihVNiE7TyAbQ5SWxDCB9mUYvOgroQOwYQQOKPJ8CIbE+1ETVlOoK1UC2nU3gYvg==}
    engines: {node: '>= 0.6'}
    dev: true

  /mime-types/2.1.35:
    resolution: {integrity: sha512-ZDY+bPm5zTTF+YpCrAU9nK0UgICYPT0QtT1NZWFv4s++TNkcgVaT0g6+4R2uI4MjQjzysHB1zxuWL50hzaeXiw==}
    engines: {node: '>= 0.6'}
    dependencies:
      mime-db: 1.52.0
    dev: true

  /minimatch/3.0.4:
    resolution: {integrity: sha512-yJHVQEhyqPLUTgt9B83PXu6W3rx4MvvHvSUvToogpwoGDOUQ+yDrR0HRot+yOCdCO7u4hX3pWft6kWBBcqh0UA==}
    dependencies:
      brace-expansion: 1.1.11
    dev: true

  /minimist/0.0.8:
    resolution: {integrity: sha1-hX/Kv8M5fSYluCKCYuhqp6ARsF0=}
    dev: true

  /minimist/1.2.5:
    resolution: {integrity: sha512-FM9nNUYrRBAELZQT3xeZQ7fmMOBg6nWNmJKTcgsJeaLstP/UODVpGsr5OhXhhXg6f+qtJ8uiZ+PUxkDWcgIXLw==}
    dev: false

  /mkdirp/0.5.1:
    resolution: {integrity: sha1-MAV0OOrGz3+MR2fzhkjWaX11yQM=}
    hasBin: true
    dependencies:
      minimist: 0.0.8
    dev: true

  /neo-async/2.6.2:
    resolution: {integrity: sha512-Yd3UES5mWCSqR+qNT93S3UoYUkqAZ9lLg8a7g9rimsWmYGK8cVToA4/sF3RrshdyV3sAGMXVUmpMYOw+dLpOuw==}
    dev: true

  /node-releases/2.0.6:
    resolution: {integrity: sha512-PiVXnNuFm5+iYkLBNeq5211hvO38y63T0i2KKh2KnUs3RpzJ+JtODFjkD8yjLwnDkTYF1eKXheUwdssR+NRZdg==}
    dev: true

  /once/1.4.0:
    resolution: {integrity: sha1-WDsap3WWHUsROsF9nFC6753Xa9E=}
    dependencies:
      wrappy: 1.0.2
    dev: true

  /path-is-absolute/1.0.1:
    resolution: {integrity: sha1-F0uSaHNVNP+8es5r9TpanhtcX18=}
    engines: {node: '>=0.10.0'}
    dev: true

  /path-parse/1.0.6:
    resolution: {integrity: sha512-GSmOT2EbHrINBf9SR7CDELwlJ8AENk3Qn7OikK4nFYAu3Ote2+JYNVvkpAEQm3/TLNEJFD/xZJjzyxg3KBWOzw==}
    dev: true

  /picocolors/1.0.0:
    resolution: {integrity: sha512-1fygroTLlHu66zi26VoTDv8yRgm0Fccecssto+MhsZ0D/DGW2sm8E8AjW7NU5VVTRt5GxbeZ5qBuJr+HyLYkjQ==}
    dev: true

  /picomatch/2.2.2:
    resolution: {integrity: sha512-q0M/9eZHzmr0AulXyPwNfZjtwZ/RBZlbN3K3CErVrk50T2ASYI7Bye0EvekFY3IP1Nt2DHu0re+V2ZHIpMkuWg==}
    engines: {node: '>=8.6'}
    dev: false

  /prettier/2.0.5:
    resolution: {integrity: sha512-7PtVymN48hGcO4fGjybyBSIWDsLU4H4XlvOHfq91pz9kkGlonzwTfYkaIEwiRg/dAJF9YlbsduBAgtYLi+8cFg==}
    engines: {node: '>=10.13.0'}
    hasBin: true
    dev: true

  /process-nextick-args/2.0.1:
    resolution: {integrity: sha512-3ouUOpQhtgrbOa17J7+uxOTpITYWaGP7/AhoR3+A+/1e9skrzelGi/dXzEYyvbxubEF6Wn2ypscTKiKJFFn1ag==}
    dev: false

  /prr/1.0.1:
    resolution: {integrity: sha1-0/wRS6BplaRexok/SEzrHXj19HY=}
    dev: false

  /punycode/2.1.1:
    resolution: {integrity: sha512-XRsRjdf+j5ml+y/6GKHPZbrF/8p2Yga0JPtdqTIY2Xe5ohJPD9saDJJLPvp9+NSBprVvevdXZybnj2cv8OEd0A==}
    engines: {node: '>=6'}
    dev: true

  /randombytes/2.1.0:
    resolution: {integrity: sha512-vYl3iOX+4CKUWuxGi9Ukhie6fsqXqS9FE2Zaic4tNFD2N2QQaXOMFbuKK4QmDHC0JO6B1Zp41J0LpT0oR68amQ==}
    dependencies:
      safe-buffer: 5.1.2
    dev: true

  /readable-stream/2.3.7:
    resolution: {integrity: sha512-Ebho8K4jIbHAxnuxi7o42OrZgF/ZTNcsZj6nRKyUmkhLFq8CHItp/fy6hQZuZmP/n3yZ9VBUbp4zz/mX8hmYPw==}
    dependencies:
      core-util-is: 1.0.2
      inherits: 2.0.4
      isarray: 1.0.0
      process-nextick-args: 2.0.1
      safe-buffer: 5.1.2
      string_decoder: 1.1.1
      util-deprecate: 1.0.2
    dev: false

  /resolve/1.12.0:
    resolution: {integrity: sha512-B/dOmuoAik5bKcD6s6nXDCjzUKnaDvdkRyAk6rsmsKLipWj4797iothd7jmmUhWTfinVMU+wc56rYKsit2Qy4w==}
    dependencies:
      path-parse: 1.0.6
    dev: true

  /rimraf/3.0.0:
    resolution: {integrity: sha512-NDGVxTsjqfunkds7CqsOiEnxln4Bo7Nddl3XhS4pXg5OzwkLqJ971ZVAAnB+DDLnF76N+VnDEiBHaVV8I06SUg==}
    hasBin: true
    dependencies:
      glob: 7.1.4
    dev: true

  /safe-buffer/5.1.2:
    resolution: {integrity: sha512-Gd2UZBJDkXlY7GbJxfsE8/nvKkUEU1G38c1siN6QP6a9PT9MmHB8GnpscSmMJSoF8LOIrt8ud/wPtojys4G6+g==}

  /schema-utils/3.1.1:
    resolution: {integrity: sha512-Y5PQxS4ITlC+EahLuXaY86TXfR7Dc5lw294alXOq86JAHCihAIZfqv8nNCWvaEJvaC51uN9hbLGeV0cFBdH+Fw==}
    engines: {node: '>= 10.13.0'}
    dependencies:
      '@types/json-schema': 7.0.11
      ajv: 6.12.6
      ajv-keywords: 3.5.2_ajv@6.12.6
    dev: true

  /semver/5.7.1:
    resolution: {integrity: sha512-sauaDf/PZdVgrLTNYHRtpXa1iRiKcaebiKQ1BJdpQlWH2lCvexQdX55snPFyK7QzpudqbCI0qXFfOasHdyNDGQ==}
    hasBin: true
    dev: true

  /semver/6.3.0:
    resolution: {integrity: sha512-b39TBaTSfV6yBrapU89p5fKekE2m/NwnDocOVruQFS1/veMgdzuPcnOM34M6CwxW8jH/lxEa5rBoDeUwu5HHTw==}
    hasBin: true
    dev: false

  /serialize-javascript/6.0.0:
    resolution: {integrity: sha512-Qr3TosvguFt8ePWqsvRfrKyQXIiW+nGbYpy8XK24NQHE83caxWt+mIymTT19DGFbNWNLfEwsrkSmN64lVWB9ag==}
    dependencies:
      randombytes: 2.1.0
    dev: true

  /source-map-support/0.5.21:
    resolution: {integrity: sha512-uBHU3L3czsIyYXKX88fdrGovxdSCoTGDRZ6SYXtSRxLZUzHg5P/66Ht6uoUlHu9EZod+inXhKo3qQgwXUT/y1w==}
    dependencies:
      buffer-from: 1.1.2
      source-map: 0.6.1
    dev: true

  /source-map/0.6.1:
    resolution: {integrity: sha512-UjgapumWlbMhkBgzT7Ykc5YXUT46F0iKu8SGXq0bcwP5dz/h0Plj6enJqjz1Zbq2l5WaqYnrVbwWOWMyF3F47g==}
    engines: {node: '>=0.10.0'}
    dev: true

  /sprintf-js/1.0.3:
    resolution: {integrity: sha1-BOaSb2YolTVPPdAVIDYzuFcpfiw=}
    dev: true

  /string_decoder/1.1.1:
    resolution: {integrity: sha512-n/ShnvDi6FHbbVfviro+WojiFzv+s8MPMHBczVePfUpDJLwoLT0ht1l4YwBCbi8pJAveEEdnkHyPyTP/mzRfwg==}
    dependencies:
      safe-buffer: 5.1.2
    dev: false

  /supports-color/5.5.0:
    resolution: {integrity: sha512-QjVjwdXIt408MIiAqCX4oUKsgU2EqAGzs2Ppkm4aQYbjm+ZEWEcW4SfFNTr4uMNZma0ey4f5lgLrkB0aX0QMow==}
    engines: {node: '>=4'}
    dependencies:
      has-flag: 3.0.0

  /supports-color/8.1.1:
    resolution: {integrity: sha512-MpUEN2OodtUzxvKQl72cUF7RQ5EiHsGvSsVG0ia9c5RbWGL2CI4C7EpPS8UTBIplnlzZiNuV56w+FuNxy3ty2Q==}
    engines: {node: '>=10'}
    dependencies:
      has-flag: 4.0.0
    dev: true

  /tapable/1.1.3:
    resolution: {integrity: sha512-4WK/bYZmj8xLr+HUCODHGF1ZFzsYffasLUgEiMBY4fgtltdO6B4WJtlSbPaDTLpYTcGVwM2qLnFTICEcNxs3kA==}
    engines: {node: '>=6'}
    dev: false

  /tapable/2.2.1:
    resolution: {integrity: sha512-GNzQvQTOIP6RyTfE2Qxb8ZVlNmw0n88vp1szwWRimP02mnTsx3Wtn5qRdqY9w2XduFNUgvOwhNnQsjwCp+kqaQ==}
    engines: {node: '>=6'}
    dev: true

  /terser-webpack-plugin/5.3.6_webpack@5.75.0:
    resolution: {integrity: sha512-kfLFk+PoLUQIbLmB1+PZDMRSZS99Mp+/MHqDNmMA6tOItzRt+Npe3E+fsMs5mfcM0wCtrrdU387UnV+vnSffXQ==}
    engines: {node: '>= 10.13.0'}
    peerDependencies:
      '@swc/core': '*'
      esbuild: '*'
      uglify-js: '*'
      webpack: ^5.1.0
    peerDependenciesMeta:
      '@swc/core':
        optional: true
      esbuild:
        optional: true
      uglify-js:
        optional: true
    dependencies:
      '@jridgewell/trace-mapping': 0.3.17
      jest-worker: 27.5.1
      schema-utils: 3.1.1
      serialize-javascript: 6.0.0
      terser: 5.15.1
      webpack: 5.75.0
    dev: true

  /terser/5.15.1:
    resolution: {integrity: sha512-K1faMUvpm/FBxjBXud0LWVAGxmvoPbZbfTCYbSgaaYQaIXI3/TdI7a7ZGA73Zrou6Q8Zmz3oeUTsp/dj+ag2Xw==}
    engines: {node: '>=10'}
    hasBin: true
    dependencies:
      '@jridgewell/source-map': 0.3.2
      acorn: 8.8.1
      commander: 2.20.0
      source-map-support: 0.5.21
    dev: true

  /to-regex-range/5.0.1:
    resolution: {integrity: sha512-65P7iz6X5yEr1cwcgvQxbbIw7Uk3gOy5dIdtZ4rDveLqhrdJP+Li/Hx6tyK0NEb+2GCyneCMJiGqrADCSNk8sQ==}
    engines: {node: '>=8.0'}
    dependencies:
      is-number: 7.0.0
    dev: false

  /ts-loader/8.0.0_typescript@3.6.2:
    resolution: {integrity: sha512-giEW167rtK1V6eX/DnXEtOgcawwoIp6hqznqYNNSmraUZOq36zMhwBq12JMlYhxf50BC58bscsTSKKtE42zAuw==}
    engines: {node: '>=10.0.0'}
    peerDependencies:
      typescript: '*'
    dependencies:
      chalk: 2.4.2
      enhanced-resolve: 4.1.1
      loader-utils: 1.4.0
      micromatch: 4.0.2
      semver: 6.3.0
      typescript: 3.6.2
    dev: false

  /tsconfig-gluons/1.0.1_typescript@3.6.2:
    resolution: {integrity: sha512-M4VKQdyFhwMIBy/e0hrkiVfpa/Q0+k6xXa7/9+7BrBDQ54e8OKhRA5WV6ELbtaLCBjFM5lJewAs5EpoS5RysSg==}
    peerDependencies:
      typescript: '>=3.2'
    dependencies:
      typescript: 3.6.2
    dev: true

  /tslib/1.10.0:
    resolution: {integrity: sha512-qOebF53frne81cf0S9B41ByenJ3/IuH8yJKngAX35CmiZySA0khhkovshKK+jGCaMnVomla7gVlIcc3EvKPbTQ==}
    dev: true

  /tslint-config-gluons/2.1.0_tslint@5.19.0:
    resolution: {integrity: sha512-LgpXNgcrI/tiGaTw0ztVX4mX6Eut+9u+JMIouN3a4rf8td3BTOaaHwUSzMye2ayO0OZz5HstWE16zMNYTJVamw==}
    peerDependencies:
      tslint: ^5.3.2
    dependencies:
      tslint: 5.19.0_typescript@3.6.2
    dev: true

  /tslint/5.19.0_typescript@3.6.2:
    resolution: {integrity: sha512-1LwwtBxfRJZnUvoS9c0uj8XQtAnyhWr9KlNvDIdB+oXyT+VpsOAaEhEgKi1HrZ8rq0ki/AAnbGSv4KM6/AfVZw==}
    engines: {node: '>=4.8.0'}
    hasBin: true
    peerDependencies:
      typescript: '>=2.3.0-dev || >=2.4.0-dev || >=2.5.0-dev || >=2.6.0-dev || >=2.7.0-dev || >=2.8.0-dev || >=2.9.0-dev || >=3.0.0-dev || >= 3.1.0-dev || >= 3.2.0-dev'
    dependencies:
      '@babel/code-frame': 7.5.5
      builtin-modules: 1.1.1
      chalk: 2.4.2
      commander: 2.20.0
      diff: 3.5.0
      glob: 7.1.4
      js-yaml: 3.13.1
      minimatch: 3.0.4
      mkdirp: 0.5.1
      resolve: 1.12.0
      semver: 5.7.1
      tslib: 1.10.0
      tsutils: 2.29.0_typescript@3.6.2
      typescript: 3.6.2
    dev: true

  /tsutils/2.29.0_typescript@3.6.2:
    resolution: {integrity: sha512-g5JVHCIJwzfISaXpXE1qvNalca5Jwob6FjI4AoPlqMusJ6ftFE7IkkFoMhVLRgK+4Kx3gkzb8UZK5t5yTTvEmA==}
    peerDependencies:
      typescript: '>=2.1.0 || >=2.1.0-dev || >=2.2.0-dev || >=2.3.0-dev || >=2.4.0-dev || >=2.5.0-dev || >=2.6.0-dev || >=2.7.0-dev || >=2.8.0-dev || >=2.9.0-dev || >= 3.0.0-dev || >= 3.1.0-dev'
    dependencies:
      tslib: 1.10.0
      typescript: 3.6.2
    dev: true

  /typescript/3.6.2:
    resolution: {integrity: sha512-lmQ4L+J6mnu3xweP8+rOrUwzmN+MRAj7TgtJtDaXE5PMyX2kCrklhg3rvOsOIfNeAWMQWO2F1GPc1kMD2vLAfw==}
    engines: {node: '>=4.2.0'}
    hasBin: true

  /update-browserslist-db/1.0.10_browserslist@4.21.4:
    resolution: {integrity: sha512-OztqDenkfFkbSG+tRxBeAnCVPckDBcvibKd35yDONx6OU8N7sqgwc7rCbkJ/WcYtVRZ4ba68d6byhC21GFh7sQ==}
    hasBin: true
    peerDependencies:
      browserslist: '>= 4.21.0'
    dependencies:
      browserslist: 4.21.4
      escalade: 3.1.1
      picocolors: 1.0.0
    dev: true

  /uri-js/4.4.1:
    resolution: {integrity: sha512-7rKUyy33Q1yc98pQ1DAmLtwX109F7TIfWlW1Ydo8Wl1ii1SeHieeh0HHfPeL2fMXK6z0s8ecKs9frCuLJvndBg==}
    dependencies:
      punycode: 2.1.1
    dev: true

  /util-deprecate/1.0.2:
    resolution: {integrity: sha1-RQ1Nyfpw3nMnYvvS1KKJgUGaDM8=}
    dev: false

  /watchpack/2.4.0:
    resolution: {integrity: sha512-Lcvm7MGST/4fup+ifyKi2hjyIAwcdI4HRgtvTpIUxBRhB+RFtUh8XtDOxUfctVCnhVi+QQj49i91OyvzkJl6cg==}
    engines: {node: '>=10.13.0'}
    dependencies:
      glob-to-regexp: 0.4.1
      graceful-fs: 4.2.10
    dev: true

  /webpack-chain/6.0.0:
    resolution: {integrity: sha512-NK62XgJOOSmYs4kaXFIKKeClpuOVHY7m6e4XwxbVX/2HAUboH6xFCTVXMVv8+jB6K8o/UGjlo1Cv3XXOyNAAGw==}
    dependencies:
      deepmerge: 1.5.2
      javascript-stringify: 2.0.0
    dev: true

  /webpack-sources/3.2.3:
    resolution: {integrity: sha512-/DyMEOrDgLKKIG0fmvtz+4dUX/3Ghozwgm6iPp8KRhvn+eQf9+Q7GWxVNMk3+uCPWfdXYC4ExGBckIXdFEfH1w==}
    engines: {node: '>=10.13.0'}
    dev: true

  /webpack/5.75.0:
    resolution: {integrity: sha512-piaIaoVJlqMsPtX/+3KTTO6jfvrSYgauFVdt8cr9LTHKmcq/AMd4mhzsiP7ZF/PGRNPGA8336jldh9l2Kt2ogQ==}
    engines: {node: '>=10.13.0'}
    hasBin: true
    peerDependencies:
      webpack-cli: '*'
    peerDependenciesMeta:
      webpack-cli:
        optional: true
    dependencies:
      '@types/eslint-scope': 3.7.4
      '@types/estree': 0.0.51
      '@webassemblyjs/ast': 1.11.1
      '@webassemblyjs/wasm-edit': 1.11.1
      '@webassemblyjs/wasm-parser': 1.11.1
      acorn: 8.8.1
      acorn-import-assertions: 1.8.0_acorn@8.8.1
      browserslist: 4.21.4
      chrome-trace-event: 1.0.3
      enhanced-resolve: 5.10.0
      es-module-lexer: 0.9.3
      eslint-scope: 5.1.1
      events: 3.3.0
      glob-to-regexp: 0.4.1
      graceful-fs: 4.2.10
      json-parse-even-better-errors: 2.3.1
      loader-runner: 4.3.0
      mime-types: 2.1.35
      neo-async: 2.6.2
      schema-utils: 3.1.1
      tapable: 2.2.1
      terser-webpack-plugin: 5.3.6_webpack@5.75.0
      watchpack: 2.4.0
      webpack-sources: 3.2.3
    transitivePeerDependencies:
      - '@swc/core'
      - esbuild
      - uglify-js
    dev: true

  /wrappy/1.0.2:
    resolution: {integrity: sha1-tSQ9jz7BqjXxNkYFvA0QNuMKtp8=}
    dev: true
